
Microsoft Visual Studio Solution File, Format Version 12.00
# Visual Studio Version 17
VisualStudioVersion = 17.0.31903.59
MinimumVisualStudioVersion = 10.0.40219.1
Project("{9A19103F-16F7-4668-BE54-9A1E7A4F7556}") = "Fumble.Basket.Api", "Fumble.Basket.Api\Fumble.Basket.Api.csproj", "{BE4981CE-9853-43E3-9721-659E3D494622}"
EndProject
Project("{9A19103F-16F7-4668-BE54-9A1E7A4F7556}") = "Fumble.Basket.Domain", "Fumble.Basket.Domain\Fumble.Basket.Domain.csproj", "{35F05C37-F319-422E-ABA9-488DB172074C}"
EndProject
Global
	GlobalSection(SolutionConfigurationPlatforms) = preSolution
		Debug|Any CPU = Debug|Any CPU
		Release|Any CPU = Release|Any CPU
	EndGlobalSection
	GlobalSection(ProjectConfigurationPlatforms) = postSolution
		{BE4981CE-9853-43E3-9721-659E3D494622}.Debug|Any CPU.ActiveCfg = Debug|Any CPU
		{BE4981CE-9853-43E3-9721-659E3D494622}.Debug|Any CPU.Build.0 = Debug|Any CPU
		{BE4981CE-9853-43E3-9721-659E3D494622}.Release|Any CPU.ActiveCfg = Release|Any CPU
		{BE4981CE-9853-43E3-9721-659E3D494622}.Release|Any CPU.Build.0 = Release|Any CPU
		{35F05C37-F319-422E-ABA9-488DB172074C}.Debug|Any CPU.ActiveCfg = Debug|Any CPU
		{35F05C37-F319-422E-ABA9-488DB172074C}.Debug|Any CPU.Build.0 = Debug|Any CPU
		{35F05C37-F319-422E-ABA9-488DB172074C}.Release|Any CPU.ActiveCfg = Release|Any CPU
		{35F05C37-F319-422E-ABA9-488DB172074C}.Release|Any CPU.Build.0 = Release|Any CPU
	EndGlobalSection
	GlobalSection(SolutionProperties) = preSolution
		HideSolutionNode = FALSE
	EndGlobalSection
	GlobalSection(ExtensibilityGlobals) = postSolution
		SolutionGuid = {F6D9442F-FD9B-434B-B192-B9399A925256}
	EndGlobalSection
EndGlobal
