
Microsoft Visual Studio Solution File, Format Version 12.00
# Visual Studio Version 17
VisualStudioVersion = 17.0.31903.59
MinimumVisualStudioVersion = 10.0.40219.1
Project("{9A19103F-16F7-4668-BE54-9A1E7A4F7556}") = "Fumble.Discount.Api", "Fumble.Discount.Api\Fumble.Discount.Api.csproj", "{CA527729-0723-4C6A-8EF9-1640EE562B9F}"
EndProject
Project("{9A19103F-16F7-4668-BE54-9A1E7A4F7556}") = "Fumble.Discount.Database", "Fumble.Discount.Database\Fumble.Discount.Database.csproj", "{C37376AA-5AE8-43DD-AE2E-4CD92B0670D5}"
EndProject
Project("{9A19103F-16F7-4668-BE54-9A1E7A4F7556}") = "Fumble.Discount.Domain", "Fumble.Discount.Domain\Fumble.Discount.Domain.csproj", "{34A11B95-AEE9-4A21-8D8F-EEAAE4216199}"
EndProject
Project("{E53339B2-1760-4266-BCC7-CA923CBCF16C}") = "docker-compose", "docker-compose.dcproj", "{AAF4C691-CDCB-45BE-A95A-75A4EAB7E0E2}"
EndProject
Project("{FAE04EC0-301F-11D3-BF4B-00C04F79EFBC}") = "Fumble.Discount.Grpc", "Fumble.Discount.Grpc\Fumble.Discount.Grpc.csproj", "{F9710C14-3B55-4B52-9F89-100617450BD0}"
EndProject
Global
	GlobalSection(SolutionConfigurationPlatforms) = preSolution
		Debug|Any CPU = Debug|Any CPU
		Release|Any CPU = Release|Any CPU
	EndGlobalSection
	GlobalSection(ProjectConfigurationPlatforms) = postSolution
		{CA527729-0723-4C6A-8EF9-1640EE562B9F}.Debug|Any CPU.ActiveCfg = Debug|Any CPU
		{CA527729-0723-4C6A-8EF9-1640EE562B9F}.Debug|Any CPU.Build.0 = Debug|Any CPU
		{CA527729-0723-4C6A-8EF9-1640EE562B9F}.Release|Any CPU.ActiveCfg = Release|Any CPU
		{CA527729-0723-4C6A-8EF9-1640EE562B9F}.Release|Any CPU.Build.0 = Release|Any CPU
		{C37376AA-5AE8-43DD-AE2E-4CD92B0670D5}.Debug|Any CPU.ActiveCfg = Debug|Any CPU
		{C37376AA-5AE8-43DD-AE2E-4CD92B0670D5}.Debug|Any CPU.Build.0 = Debug|Any CPU
		{C37376AA-5AE8-43DD-AE2E-4CD92B0670D5}.Release|Any CPU.ActiveCfg = Release|Any CPU
		{C37376AA-5AE8-43DD-AE2E-4CD92B0670D5}.Release|Any CPU.Build.0 = Release|Any CPU
		{34A11B95-AEE9-4A21-8D8F-EEAAE4216199}.Debug|Any CPU.ActiveCfg = Debug|Any CPU
		{34A11B95-AEE9-4A21-8D8F-EEAAE4216199}.Debug|Any CPU.Build.0 = Debug|Any CPU
		{34A11B95-AEE9-4A21-8D8F-EEAAE4216199}.Release|Any CPU.ActiveCfg = Release|Any CPU
		{34A11B95-AEE9-4A21-8D8F-EEAAE4216199}.Release|Any CPU.Build.0 = Release|Any CPU
		{AAF4C691-CDCB-45BE-A95A-75A4EAB7E0E2}.Debug|Any CPU.ActiveCfg = Debug|Any CPU
		{AAF4C691-CDCB-45BE-A95A-75A4EAB7E0E2}.Debug|Any CPU.Build.0 = Debug|Any CPU
		{AAF4C691-CDCB-45BE-A95A-75A4EAB7E0E2}.Release|Any CPU.ActiveCfg = Release|Any CPU
		{AAF4C691-CDCB-45BE-A95A-75A4EAB7E0E2}.Release|Any CPU.Build.0 = Release|Any CPU
		{F9710C14-3B55-4B52-9F89-100617450BD0}.Debug|Any CPU.ActiveCfg = Debug|Any CPU
		{F9710C14-3B55-4B52-9F89-100617450BD0}.Debug|Any CPU.Build.0 = Debug|Any CPU
		{F9710C14-3B55-4B52-9F89-100617450BD0}.Release|Any CPU.ActiveCfg = Release|Any CPU
		{F9710C14-3B55-4B52-9F89-100617450BD0}.Release|Any CPU.Build.0 = Release|Any CPU
	EndGlobalSection
	GlobalSection(SolutionProperties) = preSolution
		HideSolutionNode = FALSE
	EndGlobalSection
	GlobalSection(ExtensibilityGlobals) = postSolution
		SolutionGuid = {3AA18F09-F9F7-461B-B318-86CD14FABEDC}
	EndGlobalSection
EndGlobal
